{
    "_meta": {
        "hash": {
            "sha256": "6e178bf1d773f1674b4222022cd1e3023756071dd82e91b099846a0b8b05fd28"
        },
        "pipfile-spec": 6,
        "requires": {},
        "sources": [
            {
                "name": "pypi",
                "url": "https://pypi.org/simple",
                "verify_ssl": true
            }
        ]
    },
    "default": {
        "audioop-lts": {
            "hashes": [
                "sha256:0337d658f9b81f4cd0fdb1f47635070cc084871a3d4646d9de74fdf4e7c3d24a",
                "sha256:03f061a1915538fd96272bac9551841859dbb2e3bf73ebe4a23ef043766f5449",
                "sha256:068aa17a38b4e0e7de771c62c60bbca2455924b67a8814f3b0dee92b5820c0b3",
                "sha256:088327f00488cdeed296edd9215ca159f3a5a5034741465789cad403fcf4bec0",
                "sha256:0d9385e96f9f6da847f4d571ce3cb15b5091140edf3db97276872647ce37efd7",
                "sha256:106753a83a25ee4d6f473f2be6b0966fc1c9af7e0017192f5531a3e7463dce58",
                "sha256:143fad0311e8209ece30a8dbddab3b65ab419cbe8c0dde6e8828da25999be911",
                "sha256:15ab25dd3e620790f40e9ead897f91e79c0d3ce65fe193c8ed6c26cffdd24be7",
                "sha256:167d3b62586faef8b6b2275c3218796b12621a60e43f7e9d5845d627b9c9b80e",
                "sha256:2b267b70747d82125f1a021506565bdc5609a2b24bcb4773c16d79d2bb260bbd",
                "sha256:3bcddaaf6cc5935a300a8387c99f7a7fbbe212a11568ec6cf6e4bc458c048636",
                "sha256:3fc38008969796f0f689f1453722a0f463da1b8a6fbee11987830bfbb664f623",
                "sha256:47eba38322370347b1c47024defbd36374a211e8dd5b0dcbce7b34fdb6f8847b",
                "sha256:48159d96962674eccdca9a3df280e864e8ac75e40a577cc97c5c42667ffabfc5",
                "sha256:49ee1a41738a23e98d98b937a0638357a2477bc99e61b0f768a8f654f45d9b7a",
                "sha256:4a53aa7c16a60a6857e6b0b165261436396ef7293f8b5c9c828a3a203147ed4a",
                "sha256:4b4cd51a57b698b2d06cb9993b7ac8dfe89a3b2878e96bc7948e9f19ff51dba6",
                "sha256:51c916108c56aa6e426ce611946f901badac950ee2ddaf302b7ed35d9958970d",
                "sha256:550c114a8df0aafe9a05442a1162dfc8fec37e9af1d625ae6060fed6e756f303",
                "sha256:58cf54380c3884fb49fdd37dfb7a772632b6701d28edd3e2904743c5e1773602",
                "sha256:5b00be98ccd0fc123dcfad31d50030d25fcf31488cde9e61692029cd7394733b",
                "sha256:5f93a5db13927a37d2d09637ccca4b2b6b48c19cd9eda7b17a2e9f77edee6a6f",
                "sha256:64d0c62d88e67b98a1a5e71987b7aa7b5bcffc7dcee65b635823dbdd0a8dbbd0",
                "sha256:73f80bf4cd5d2ca7814da30a120de1f9408ee0619cc75da87d0641273d202a09",
                "sha256:752d76472d9804ac60f0078c79cdae8b956f293177acd2316cd1e15149aee132",
                "sha256:83c381767e2cc10e93e40281a04852facc4cd9334550e0f392f72d1c0a9c5753",
                "sha256:8fefe5868cd082db1186f2837d64cfbfa78b548ea0d0543e9b28935ccce81ce9",
                "sha256:9191d68659eda01e448188f60364c7763a7ca6653ed3f87ebb165822153a8547",
                "sha256:96f19de485a2925314f5020e85911fb447ff5fbef56e8c7c6927851b95533a1c",
                "sha256:9a13dc409f2564de15dd68be65b462ba0dde01b19663720c68c1140c782d1d75",
                "sha256:a2c2a947fae7d1062ef08c4e369e0ba2086049a5e598fda41122535557012e9e",
                "sha256:a2d4f1513d63c795e82948e1305f31a6d530626e5f9f2605408b300ae6095093",
                "sha256:a5bf613e96f49712073de86f20dbdd4014ca18efd4d34ed18c75bd808337851b",
                "sha256:a6d2e0f9f7a69403e388894d4ca5ada5c47230716a03f2847cfc7bd1ecb589d6",
                "sha256:b492c3b040153e68b9fdaff5913305aaaba5bb433d8a7f73d5cf6a64ed3cc1dd",
                "sha256:ba7c3a7e5f23e215cb271516197030c32aef2e754252c4c70a50aaff7031a2c8",
                "sha256:c0022283e9556e0f3643b7c3c03f05063ca72b3063291834cca43234f20c60bb",
                "sha256:c174e322bb5783c099aaf87faeb240c8d210686b04bd61dfd05a8e5a83d88969",
                "sha256:c9c8e68d8b4a56fda8c025e538e639f8c5953f5073886b596c93ec9b620055e7",
                "sha256:cfcac6aa6f42397471e4943e0feb2244549db5c5d01efcd02725b96af417f3fe",
                "sha256:d5e73fa573e273e4f2e5ff96f9043858a5e9311e94ffefd88a3186a910c70917",
                "sha256:def246fe9e180626731b26e89816e79aae2276f825420a07b4a647abaa84becc",
                "sha256:dfbbc74ec68a0fd08cfec1f4b5e8cca3d3cd7de5501b01c4b5d209995033cde9",
                "sha256:e160bf9df356d841bb6c180eeeea1834085464626dc1b68fa4e1d59070affdc3",
                "sha256:e541c3ef484852ef36545f66209444c48b28661e864ccadb29daddb6a4b8e5f5",
                "sha256:f9b0b8a03ef474f56d1a842af1a2e01398b8f7654009823c6d9e0ecff4d5cfbf",
                "sha256:f9ee9b52f5f857fbaf9d605a360884f034c92c1c23021fb90b2e39b8e64bede6",
                "sha256:fbdd522624141e40948ab3e8cdae6e04c748d78710e9f0f8d4dae2750831de19",
                "sha256:fd3d4602dc64914d462924a08c1a9816435a2155d74f325853c1f1ac3b2d9800"
            ],
            "markers": "python_version >= '3.13'",
            "version": "==0.2.2"
        },
        "audioread": {
            "hashes": [
                "sha256:1c4ab2f2972764c896a8ac61ac53e261c8d29f0c6ccd652f84e18f08a4cab190",
                "sha256:b30d1df6c5d3de5dcef0fb0e256f6ea17bdcf5f979408df0297d8a408e2971b4"
            ],
            "markers": "python_version >= '3.9'",
            "version": "==3.1.0"
        },
        "certifi": {
            "hashes": [
                "sha256:024c88eeec92ca068db80f02b8b07c9cef7b9fe261d1d535abfd5abd6f6af432",
                "sha256:2227dcbaafe0d2f59279d1762ddddc37783ed4354594f194ffc31d20f41fc3db"
            ],
            "markers": "python_version >= '3.7'",
            "version": "==2026.6.17"
        },
        "charset-normalizer": {
            "hashes": [
                "sha256:0317406326fed512f42a1632ad91a96228a7616c06547666a6dd79967f1bd6ca",
                "sha256:057f8609f7341618c98e5aa9a6109fa116acff2a658497d47ab3325b5e8f2b08",
                "sha256:05811b76943d477bb90822dedb5c4565cef70148847a59d574e2b35043aeb563",
                "sha256:06238276da3d880d858a4221d6b968bccc18ca3cbe71f6c5c2de86abb7929ffe",
                "sha256:0752c849b51198267df2aba013c4de3a2955bd014a4fd70828809946c1acbc0c",
                "sha256:0c926329a1df7cd56d7d8349fe354460d20aefd2e394c9e159e479d018b2b359",
                "sha256:0ca66f45d56ac15f1f6799334d9be44c6ded6d36cc6cbaaa25f96f64bae8d861",
                "sha256:0d08f2b7171517aa86ddf0eaba25bc7ac8576d401f2da8764403cf0e876f796b",
                "sha256:0d869b0ca97fccee19e6c3304cc2b6e771ba9205e3e44427b9529c288f517fb8",
                "sha256:1004c3b5831a301dadfb9e916f38e78e2ff3e08db24a1ad7c354db8ee3dea9c3",
                "sha256:14a4bbe066f3fb05c6ba70e9cf9d34614b57a2fd70ea8c27cc30f34155e16a58",
                "sha256:1936e48214adea74922a20c8ab41b1393ae27cc9e329eb1f0b937d3416824f36",
                "sha256:1a73dce145956ff798968aea0478f905c8e43715ea0af995ebaaefca2c1270c8",
                "sha256:1bfd4bf262d6f26805cc6a32dae2554db66ef7533e6c62cc12644d3882be05e5",
                "sha256:1c16cb4fc35e4b064f5ee78d849f15a550ada1729c3372916672e38f1f01d1d4",
                "sha256:1cd73e9f7d506568f602169dce4f27f8188d59b9d67a440975ca2623494abae7",
                "sha256:1f8e3521860187d597f3867d8466da225b9179ea2833bb26de1bb026144d07c3",
                "sha256:21e4dbb942c8a6342e2685f232dd2a7bc73465697bd26ead4f118271d28be383",
                "sha256:2232baea80a2b01783679fed4e625ccdb19a974f44c9cf0fba21a777a4c8179c",
                "sha256:23c40d25fe581d34ff0ef7ff1ca1527f5c51c5c6edf0b8384eeafac4a0438469",
                "sha256:23ed6db469275bff3ef7617ddda52ae35f385a915ae0bc8858500e360e111523",
                "sha256:25f93d194eb6264c64416cabff46a91f6d99b97e7525a1b4f35c77a99e75cc68",
                "sha256:2970b9f7ab69ec3a0423ec6b6ac718e79fbf4a282c0bc103ef88c1ef50dfa15a",
                "sha256:2a4707e09eca11e81ece4fced600c5a0a801f568b962244f6f517bc274745fc9",
                "sha256:2b5b0c0dca0a02c3f816f89abf18af3d20416dedbc3d3aa5f3981045f88ae7b0",
                "sha256:2e9f0db12ea28a3349e514443fc56d4b1fb3c81d0f9c0e33dacfdfc2ac63f774",
                "sha256:2fbd0edb0426ab28e70fac9d1d4ef549eb5a64a2521f0428c441d75e4387e6c2",
                "sha256:30b8e00869449b0baf2eaef48a0aefff4372e792ee6c00e03561cecb4fecd2fd",
                "sha256:324170f5221b21c5f3ea31e668a2b27887f3cd4196b00c01be88feeeff6626cf",
                "sha256:35d9e7a9c960520ae89d1f4e305d1c047a74dea2e0f73a0e84f879356c2e8776",
                "sha256:3731936f612754018aeb99fafc4381b6d80ed9165f2dba719c4e1afca0177048",
                "sha256:3809ba5d3cd02aca0894597f2669a825bdfe2229061515c128b0f4e5533b4ab5",
                "sha256:3868a3e4ec1e40b419e060d063f93eac6f046fa21426c4816421223ae7dc8ab8",
                "sha256:3c0086d97094363556206dc3bcf43f7edcfc043ea7a568a46f45efea74858bd1",
                "sha256:3eaee88c39b7bb2fd0708dedadbacd7b74d6d34323f2b1a57bb3ab547a7ea4a4",
                "sha256:42f568c1c4e6f037c1167c64d48eb205380d9f041ca0139763ba8fc1bcdbcd2b",
                "sha256:44464e66f4da2f21dea7145c7693f9f60717ca4794a954dea5bf8c2c932678bd",
                "sha256:458c2972a78043b7261c9726670029f15f722e70669bcbe961153a01968f589f",
                "sha256:4b1f25c6e376033f31463d66f8bb01ae77a128ca11c6677c69ed8e9ce913bbf9",
                "sha256:50a0c2e58ad2c203adb616fef28941b7e13716adbc25e0dfaeec29f5afe6382f",
                "sha256:511851c35e4ec8f4be773acd2c0222a7ec6b63971fea8988103632896f174b4b",
                "sha256:524939917f17f6de502dfda30b472550965740d7f126659d4c4f8dd1569cce22",
                "sha256:593403fc47dcdf55e2987b2e3cc2e064127e2b908929f1f18b2e4a4652cbd780",
                "sha256:5b56f449132d9adefe55b87635d05177a914ed5d070438a74725e1d77a280002",
                "sha256:606088e9fa2b7469ab9c42d4da8e05a415622a07714edd2fcd8fed48dda4c853",
                "sha256:60883e22821d17c9e5b4f3ca1ef8074f766e3db28791f851b665929c515635c0",
                "sha256:6187d0eedbcf1733aa0ee55185e7c33d9f6a4fe8f54c1356583243f37b0debc0",
                "sha256:65c389b96c0cfff3a3f0458fa1c7ce554a30e23101a88a49f03997afce6a929f",
                "sha256:66c9eaaba3d5b84ca5e5e4a890dc3ff67616d074220a5c7ca1dc8812c5ae5703",
                "sha256:6809e40a8876eb4742676fbbb57056c0344ef2555e5597d4343f0b365953afdd",
                "sha256:6a6d86d1f710bf0423887a1c6ab497ad2cf7f803e8eaafa7ccbfb53d2a965fd0",
                "sha256:6a8e6b9024c62414617cf7b679a6fd833dda428e11e933927193153aa9f0019a",
                "sha256:6e88da593ea098194ea08f58924b716a9ae0c39058edad8c5c9b0bafa39fbd56",
                "sha256:7570a4b695cc6375061393e2e6774813b9682a88b4970878183d1c91eb277e0e",
                "sha256:77e993ecf65f21ab1f82266ff5e84a7de2c879e7d9b8bc006009df83f22a1d5e",
                "sha256:79e402b869f270140afa5e2b0e2ac100585358d812fe3dd093d424f7a72964e0",
                "sha256:815654d356a29fc9185c7f60c9dc0175d7ae52800b3ea228b046a30468f5a0a6",
                "sha256:825e5c2fb57d2065250e12dfeb414d780e7da242b371d5a78814d3ef40d63fde",
                "sha256:84bcae14c65e645ca66b661339183d32b8c846a17c96e3e81ab3d346e1c498d4",
                "sha256:8a1e589fdb95c76f08288bbb346230cdd8994db74903db6637b380f7b5fc9336",
                "sha256:8b654b6f52a0a9a6be38e88f3e1dc68f1093ebeb2abbadafc7c82da0786a34be",
                "sha256:8ca83574f63f71b485da1c50d4e17bcef7375a56b459a861562554f1fbaac1a4",
                "sha256:8ea67f427c073ae3da0923aa55f3715131fa613a61a7f2f8d762bde75eaf00ae",
                "sha256:91db7d66b7230e9af0a539062ccfc854640572ce6c07d7113b1ff9607ac1ba79",
                "sha256:92e322b054c7ff886f78feab7360736bb45de2e18cf4a0ee84e8fc5a08d53a19",
                "sha256:9421549d803f0f712aa6e1496d15ff5ac510fc4c7104e7e299ea1d498d582d59",
                "sha256:9840cca6969a7e35498f1ce6fc32b7842500783d303b5ab254679a0f591093c4",
                "sha256:98a91c8dce056a858385cf147eb196ae4d2b35315c2bfc8151ff4027707247e1",
                "sha256:9a2748f7588b0c1e5166db3a9448fe86e392479aded89b0c86382d41cade91a2",
                "sha256:9e44127f7d11eee4548ad2cdf1f4e1b6eaaddd5cb92d15ad65f6ecc9bcf403ab",
                "sha256:a4508989ba8e2ce43ef989453d18188b261546e8188cbdd4ef451fb9e4c3b467",
                "sha256:a922bb43ee1742513e410df4bb62ef44c94b82efba51ce9297cac1ba39cc8bfd",
                "sha256:ab07eb7b564635602734c3ef0e8d2db9d59cbbce54f5dc42b8f11aa1f56ce364",
                "sha256:ac961d07606d72a34755cd7114a6d17487d057b02e8447122f2294b59802b30d",
                "sha256:ad320cccde0bbe430fe3a0e5ef3f17b16ef7cfe496603d7b3a153aa204e093e5",
                "sha256:b27d43e75185d75449559a29dca37e656a75ae08d2e750d40439d37c8d6210f5",
                "sha256:b3d7c887444c5a7ef0d68d358d81e758a850bc626f8e639e2ca5667153272b20",
                "sha256:b4e4d44b8287aa13a25e16e29393d494b0643b24894f7c8266c6f6788dd36337",
                "sha256:b67d50ee47e5c57a0064a9cb575b963a7125819dfd1fd094d44d378fff94659b",
                "sha256:b7c1fb310df524e01fbe84d43b7f95aa4f808f8eaa0dafc185f64ba395e37d54",
                "sha256:ba191a019f567339cff1cf861e311a5c442477d91f2ece3ad683f7b004976aae",
                "sha256:bae1f52a68a5dcc1fcb65db69895638654be9a45716c47a5a192552a52925662",
                "sha256:bb90317359f7e67bb6df615999a95e0980877468e617ddce8b6c2f8e7fe60d95",
                "sha256:bde2fd87539f4a023ae8d699f51cd3d359ba79a42953fc03afde80bedf52ffc0",
                "sha256:c591f9a82adc5b89a039b90df74e43de2b9177fb46771172bed7b80722a70db0",
                "sha256:ca832d525a2a52542048111cb44e0dea595b9ad53ad542020aa770f308427b92",
                "sha256:ca8776b012d464136c239f51133120db94397bc69f3faee404ff8c99827f8192",
                "sha256:ccb9052771216170015f810b88065fd9e13b1e0b391f92abb9b47e0919a42aad",
                "sha256:d2d5a250ee26e29468b7607d97479221b069fa8aaf6f929ac84ec0e962e15154",
                "sha256:d9bf144d6faf12c70d58e47f7512992ae2882b820031d6cef68152deb645bf2d",
                "sha256:dafb42a6c88e32887ff08fe1e2d90a3f97e5b68d175e0cc4352a8d7a7967f767",
                "sha256:de63c31666a049f653ada24e800192e3c019e96bc7d70fb449a000bccf26a36f",
                "sha256:dfce5e536054cf15a14576ecb08913e2e9ceff4cc1da2919694cdb2b45b5c64f",
                "sha256:e38edde6379af48ed4b2d27ca550dd87c67be92634794a5d6bf37bf7f1bae857",
                "sha256:e787c695c6be73c17e7e9f76e6d134205ff3282ce0e77ba2fda1ca90162f01c1",
                "sha256:e88c08c417416011982ca268812437fadb109852a405876ccae0409d150d857e",
                "sha256:ee6a62492f18d432cca031fabd158f400a8c25bf7b9458f50953393a2a23d97a",
                "sha256:f191c19a32dc6cec0fb8079789d786254653a9ce906fcab04ccd2eed07bba233",
                "sha256:f2bd1869ae6cd2793e51bfacebd1495595c1c007c2dfcfd6874b4a804f29bc7c",
                "sha256:f44633a518ef0889dc7e28dde2e18616f8e932e2d17d9c9ccdbbef40aa3a6794",
                "sha256:f68545d1b267dbfafd5d253b6d1cb161562c4e61ab25b5c4cdb7d9e5923e441e",
                "sha256:faac37c4904598daa00cb4c9b32f3b4cc814fb5f145d7a531ceb4a70f2114132",
                "sha256:fc67b103ed826abf819f35b030cbc0eb70ecc87e97f75f461cec18c9d2bffb53",
                "sha256:fe5f2eaae114c077b7a39bc7530219249b77f5de805f775ed2d51bd3689986ca",
                "sha256:ff71018850863362e5c7533769d0a9f77715c31af1502d523630ce822922f5c9"
            ],
            "index": "pypi",
            "markers": "python_version >= '3.7'",
            "version": "==3.4.8"
        },
        "idna": {
            "hashes": [
                "sha256:7f952cbe720b688055e3f87de14f5c3e5fdaa8bc3928985c4077ca689de849a2",
                "sha256:ffb385a7e039654cef1ab9ef32c6fafe283c0c0467bba1d9029738ce4a14a848"
            ],
            "markers": "python_version >= '3.9'",
            "version": "==3.18"
        },
        "lucos-schedule-tracker-pythonclient": {
            "hashes": [
                "sha256:4b7fceb4932fe54be2f2930c8bc67991cd40729e9bee1d0b7af0c345119c6300",
                "sha256:7b5acdc654c51be5768a43fe2b69e5b78952028c8557cdcd8a01c8f7a88997a1"
            ],
            "index": "pypi",
            "markers": "python_version >= '3.8'",
            "version": "==2.0.5"
        },
        "pyacoustid": {
            "hashes": [
                "sha256:4436732937ac40e4b2fec4808fc81934c0e07ad9e3f0ef5f2b225517c99bb1e4",
                "sha256:bb0ecae40109c0aa80f709e33c66c83ec36b2fd84658f9fad056a34538f79e8a"
            ],
            "index": "pypi",
            "markers": "python_version >= '3.10'",
            "version": "==1.3.1"
        },
        "pytaglib": {
            "hashes": [
                "sha256:0bbb89ab0cc71b16a565b49113aef3f41bfb5e49a3882eeb401a582d43efffae",
                "sha256:106d2c4ba3ea40f350fd349c66e71f02751391037e6e327498bae93e94c22646",
                "sha256:17e6062bde9b6d6aa6d2363e2178c1cbb813bec3f1a8bb0ba617d3c120afe275",
                "sha256:30bade38395b01feabcc5d50d14e02603a74afc3e4066a67de4ad19cf4c9ed4a",
                "sha256:3415cc1116399eac2c7c5a8817d5fbc5f5927fbb3438a954a14fd5359c209929",
                "sha256:34f6e1af40059bd090e6061cf1a71cd87ef648a940c074f075dbfa770d269f55",
                "sha256:41e3087bc9de04f59c16c03aa0d587db05899e7434ac1dc7ccb06412e2bd97b7",
                "sha256:42192eb26d18c95eb9c4f1da504f4f67769e2790f91352feecac975b01d0e13b",
                "sha256:42303c007403cefbbb87837ad48b87c2c5f0bfa39a4c7c49fc02da15f97e75cd",
                "sha256:550e444771fb4876a6ce002163d381b071edd7c6f64723a39aa13fecdb7b854b",
                "sha256:5dd0351f2725e1983e93fd3b36a6bd019353321fdd94d5af84a6a46f34d862f1",
                "sha256:73da0c8026dc0f264c90ccdd49588c1cfc5190df9093a0e2352f0e8909a0224f",
                "sha256:934b42c3fed36943fdfbd3896f562fe5d019ed5a67546dbe63550fc249d14573",
                "sha256:964e32e86edcda107eb3821dd4ca226de04f7f0f99bb4c18737e138b4ed3313f",
                "sha256:973fa0d997e19de20fd154d0a4f595ac68241c6202a9dc25f23f601c4087a7dc",
                "sha256:a3a073bae8ce0d76f99f8f3fd91fe5d1fd355710721c3a3a135c29bebcc3df3f",
                "sha256:a9d1659c6e2574e4ba79f01b5b581d43c7f0144e7a33a640a715df32d1cd43bb",
                "sha256:b5d910905962649913a74a0d11a407f989a381a423041794628c5e650501da83",
                "sha256:b6963b0d2b13472cb4dacf808dfc3bf230d2095a9255071ca08795e2fe6d4ffe",
                "sha256:c56e104b4780b36c7c6398da4458f34c3bca059884c7aa17486ee61bb8e6fe3e",
                "sha256:c5b1737ee5fa109634fdba6bdbe93f3aab999e44579f0c10b4d0af6062132e9f",
                "sha256:c88b9b9a21bab8f31adc4fc96ca902af1a3fc7137b12a029ece52aaa79f31ee0",
                "sha256:caf86c1550631374c883b79e1d867c44431e704d2e4006151de7a63b642f6963",
                "sha256:d49ae0ee00cdf3d08c0adf4320c20fbe1dd9475ee946fdbcee821847c297778f",
                "sha256:d8dbb42e62b7f0d50100065467241e0a8aaf8a41ae0432572ded8a6d3721178c",
                "sha256:da54d6d6dcd729c244d0099b2b9f747d1af27b140b81e1c4535045e79ac28c8e",
                "sha256:e1cd3b64951c70a9b87ef174b5e34116a1b105e2868e14eb73fd92dac8615002",
                "sha256:e70335cdd143ef215dcbc3a8e8ccaa9cc56de1523c4944ee487251cdc50c2a28"
            ],
            "index": "pypi",
            "markers": "python_version >= '3.10'",
            "version": "==3.2.0"
        },
        "requests": {
            "hashes": [
                "sha256:2a0d60c172f83ac6ab31e4554906c0f3b3588d37b5cb939b1c061f4907e278e0",
                "sha256:f288924cae4e29463698d6d60bc6a4da69c89185ad1e0bcc4104f584e960b9ed"
            ],
            "index": "pypi",
            "markers": "python_version >= '3.10'",
            "version": "==2.34.2"
        },
        "standard-aifc": {
            "hashes": [
                "sha256:64e249c7cb4b3daf2fdba4e95721f811bde8bdfc43ad9f936589b7bb2fae2e43",
                "sha256:f7ae09cc57de1224a0dd8e3eb8f73830be7c3d0bc485de4c1f82b4a7f645ac66"
            ],
            "index": "pypi",
            "version": "==3.13.0"
        },
        "standard-chunk": {
            "hashes": [
                "sha256:17880a26c285189c644bd5bd8f8ed2bdb795d216e3293e6dbe55bbd848e2982c",
                "sha256:4ac345d37d7e686d2755e01836b8d98eda0d1a3ee90375e597ae43aaf064d654"
            ],
            "markers": "python_version >= '3.13'",
            "version": "==3.13.0"
        },
        "standard-sunau": {
            "hashes": [
                "sha256:53af624a9529c41062f4c2fd33837f297f3baa196b0cfceffea6555654602622",
                "sha256:b319a1ac95a09a2378a8442f403c66f4fd4b36616d6df6ae82b8e536ee790908"
            ],
            "index": "pypi",
            "version": "==3.13.0"
        },
        "urllib3": {
            "hashes": [
                "sha256:231e0ec3b63ceb14667c67be60f2f2c40a518cb38b03af60abc813da26505f4c",
                "sha256:9fb4c81ebbb1ce9531cce37674bbc6f1360472bc18ca9a553ede278ef7276897"
            ],
            "markers": "python_version >= '3.10'",
            "version": "==2.7.0"
        }
    },
    "develop": {}
}
