{
    "_meta": {
        "hash": {
            "sha256": "680e9899a3a646e584ba7fe85f227edafc464ce135c0e3931472e23b9874b233"
        },
        "pipfile-spec": 6,
        "requires": {},
        "sources": [
            {
                "name": "pypi",
                "url": "https://pypi.python.org/simple",
                "verify_ssl": true
            }
        ]
    },
    "default": {
        "audioread": {
            "hashes": [
                "sha256:a3480e42056c8e80a8192a54f6729a280ef66d27782ee11cbd63e9d4d1523089"
            ],
            "version": "==2.1.9"
        },
        "certifi": {
            "hashes": [
                "sha256:1f422849db327d534e3d0c5f02a263458c3955ec0aae4ff09b95f195c59f4edd",
                "sha256:f05def092c44fbf25834a51509ef6e631dc19765ab8a57b4e7ab85531f0a9cf4"
            ],
            "version": "==2020.11.8"
        },
        "chardet": {
            "hashes": [
                "sha256:84ab92ed1c4d4f16916e05906b6b75a6c0fb5db821cc65e70cbd64a3e2a5eaae",
                "sha256:fc323ffcaeaed0e0a02bf4d117757b98aed530d9ed4531e3e15460124c106691"
            ],
            "version": "==3.0.4"
        },
        "idna": {
            "hashes": [
                "sha256:b307872f855b18632ce0c21c5e45be78c0ea7ae4c15c828c20788b26921eb3f6",
                "sha256:b97d804b1e9b523befed77c48dacec60e6dcb0b5391d57af6a65a312a90648c0"
            ],
            "version": "==2.10"
        },
        "pyacoustid": {
            "hashes": [
                "sha256:5f98e34e79749439ea1b9440a0811996fdb5b12abadccfbeafda36ea9dd56d30"
            ],
            "index": "pypi",
            "version": "==1.2.0"
        },
        "pytaglib": {
            "hashes": [
                "sha256:16daf54e78fb56442293d20d7659097470ecac9031f33037f9d53baa31382952",
                "sha256:1bd0cb70f7107c250a911fb27768b181f4c209b0a2baa37c0bdffe5b55af8dc5",
                "sha256:7e339a5e8ec3b5253e96d6c176986a9a4598957bb9e5408c5b9414576caccff1",
                "sha256:98dc42f0dbb5fa7372570c4f56054a36dea9ba861513d53c0c4a425601b6ac42",
                "sha256:c3a9091a2bc539da223107f5be11d625b75acc0f69cd2466c92c34bb57980ea1"
            ],
            "index": "pypi",
            "version": "==1.4.6"
        },
        "requests": {
            "hashes": [
                "sha256:7f1a0b932f4a60a1a65caa4263921bb7d9ee911957e0ae4a23a6dd08185ad5f8",
                "sha256:e786fa28d8c9154e6a4de5d46a1d921b8749f8b74e28bde23768e5e16eece998"
            ],
            "index": "pypi",
            "version": "==2.25.0"
        },
        "urllib3": {
            "hashes": [
                "sha256:097116a6f16f13482d2a2e56792088b9b2920f4eb6b4f84a2c90555fb673db74",
                "sha256:61ad24434555a42c0439770462df38b47d05d9e8e353d93ec3742900975e3e65"
            ],
            "version": "==1.26.1"
        }
    },
    "develop": {}
}
