{
    "_meta": {
        "hash": {
            "sha256": "680e9899a3a646e584ba7fe85f227edafc464ce135c0e3931472e23b9874b233"
        },
        "pipfile-spec": 6,
        "requires": {},
        "sources": [
            {
                "name": "pypi",
                "url": "https://pypi.python.org/simple",
                "verify_ssl": true
            }
        ]
    },
    "default": {
        "audioread": {
            "hashes": [
                "sha256:121995bd207eb1fda3d566beb851d3534275925bc35a4fb6da0cb11de0f7251a"
            ],
            "markers": "python_full_version >= '3.6.0'",
            "version": "==3.0.0"
        },
        "certifi": {
            "hashes": [
                "sha256:35824b4c3a97115964b408844d64aa14db1cc518f6562e8d7261699d1350a9e3",
                "sha256:4ad3232f5e926d6718ec31cfc1fcadfde020920e278684144551c91769c7bc18"
            ],
            "index": "pypi",
            "version": "==2022.12.7"
        },
        "charset-normalizer": {
            "hashes": [
                "sha256:5a3d016c7c547f69d6f81fb0db9449ce888b418b5b9952cc5e6e66843e9dd845",
                "sha256:83e9a75d1911279afd89352c68b45348559d1fc0506b054b346651b5e7fee29f"
            ],
            "markers": "python_full_version >= '3.6.0'",
            "version": "==2.1.1"
        },
        "idna": {
            "hashes": [
                "sha256:814f528e8dead7d329833b91c5faa87d60bf71824cd12a7530b5526063d02cb4",
                "sha256:90b77e79eaa3eba6de819a0c442c0b4ceefc341a7a2ab77d7562bf49f425c5c2"
            ],
            "markers": "python_version >= '3.5'",
            "version": "==3.4"
        },
        "pyacoustid": {
            "hashes": [
                "sha256:c279d9c30a7f481f1420fc37db65833b5f9816cd364dc2acaa93a11c482d4141"
            ],
            "index": "pypi",
            "version": "==1.2.2"
        },
        "pytaglib": {
            "hashes": [
                "sha256:006a65af9a82fa143f8e2679335efed5f643c20b338245140dbb44094934f23c",
                "sha256:1b05826b7793d85adfbe1b5f6c6a97920a24f83b66b3d8bdc1b040b788d9d1ae",
                "sha256:2357d14b6b5f6c3867bc169673587016ec9314287a943f1ad209d0fbe09db795",
                "sha256:37fa1cd3f58c2814c5b7acad29a40f202ec6e20763c1c875c0512b1f27ec0b58",
                "sha256:446fad443cc8a3515394aec5c623857ea7939a97016f9a567482f66832f8bd81",
                "sha256:49487f390aa605cf5ebc72d5a74e53a843fb74a60946ffa7b1c970e2fa6b46d3",
                "sha256:4bc09366c02e864e533956a04d95574ec7d2c0cf3c1ad8041e327f679769b5a7",
                "sha256:5d60f2777c6b1950db91b9ed750e4663593358abf016fbd8f99e222c1008082d",
                "sha256:8f7603dffdb1930428b305e79b8ca127e9cffc4ce4d2f7440a5f5226a82e6e5f",
                "sha256:e13d8cf999fb6407fa56db6ef6a0a317484e49324706fcb813de7c82a637d9d5"
            ],
            "index": "pypi",
            "version": "==1.5.0"
        },
        "requests": {
            "hashes": [
                "sha256:7c5599b102feddaa661c826c56ab4fee28bfd17f5abca1ebbe3e7f19d7c97983",
                "sha256:8fefa2a1a1365bf5520aac41836fbee479da67864514bdb821f31ce07ce65349"
            ],
            "index": "pypi",
            "version": "==2.28.1"
        },
        "urllib3": {
            "hashes": [
                "sha256:47cc05d99aaa09c9e72ed5809b60e7ba354e64b59c9c173ac3018642d8bb41fc",
                "sha256:c083dd0dce68dbfbe1129d5271cb90f9447dea7d52097c6e0126120c521ddea8"
            ],
            "markers": "python_version >= '2.7' and python_version not in '3.0, 3.1, 3.2, 3.3, 3.4, 3.5'",
            "version": "==1.26.13"
        }
    },
    "develop": {}
}
